
Microsoft Visual Studio Solution File, Format Version 11.00
# Visual Studio 2010
Project("{FAE04EC0-301F-11D3-BF4B-00C04F79EFBC}") = "Bloxel.Engine", "Bloxel.Engine\Bloxel.Engine.csproj", "{92B1E191-4795-4F99-8C7E-6EE14DECFFD4}"
EndProject
Project("{FAE04EC0-301F-11D3-BF4B-00C04F79EFBC}") = "Playground", "Playground\Playground\Playground.csproj", "{AC384627-9AFD-4FEB-89A3-DCE55F10165B}"
EndProject
Project("{FAE04EC0-301F-11D3-BF4B-00C04F79EFBC}") = "PlaygroundContent", "Playground\PlaygroundContent\PlaygroundContent.contentproj", "{558491C5-622C-4439-8F3A-781D9F07BBDA}"
EndProject
Project("{FAE04EC0-301F-11D3-BF4B-00C04F79EFBC}") = "Tests", "Tests\Tests.csproj", "{C71C6029-C3CF-4B4B-8BFE-F751CCEB83A3}"
EndProject
Project("{FAE04EC0-301F-11D3-BF4B-00C04F79EFBC}") = "Bloxel.Engine.DeferredRendering", "Bloxel.Engine.DeferredRendering\Bloxel.Engine.DeferredRendering.csproj", "{F653DD31-B134-4F1C-846B-5754BD83718C}"
EndProject
Project("{FAE04EC0-301F-11D3-BF4B-00C04F79EFBC}") = "MeshExtractor", "MeshExtractor\MeshExtractor.csproj", "{6310D366-6554-4A02-818C-DA6D9824D664}"
EndProject
Project("{FAE04EC0-301F-11D3-BF4B-00C04F79EFBC}") = "BEPUik", "BEPUik\BEPUik.csproj", "{2D5A0344-623A-4BFA-AAB6-8AC64E2A4129}"
EndProject
Project("{FAE04EC0-301F-11D3-BF4B-00C04F79EFBC}") = "BEPUutilities", "BEPUutilities\BEPUutilities.csproj", "{34853DEA-43A6-4F2F-A379-D1EE04D256D2}"
EndProject
Project("{FAE04EC0-301F-11D3-BF4B-00C04F79EFBC}") = "BEPUphysicsDrawer", "BEPUphysicsDrawer\BEPUphysicsDrawer.csproj", "{A7931B1B-6BF4-43C5-B924-6AEB732243BA}"
EndProject
Project("{FAE04EC0-301F-11D3-BF4B-00C04F79EFBC}") = "BEPUphysics", "BEPUphysics\BEPUphysics.csproj", "{C0D52C9F-14B8-4008-8DDC-109C27561A5C}"
EndProject
Project("{FAE04EC0-301F-11D3-BF4B-00C04F79EFBC}") = "ConversionHelper", "ConversionHelper\ConversionHelper.csproj", "{BB5BF3E0-DD34-44D4-86FB-F336BB4720CA}"
EndProject
Global
	GlobalSection(SolutionConfigurationPlatforms) = preSolution
		Debug|Any CPU = Debug|Any CPU
		Debug|x64 = Debug|x64
		Debug|x86 = Debug|x86
		Release|Any CPU = Release|Any CPU
		Release|x64 = Release|x64
		Release|x86 = Release|x86
	EndGlobalSection
	GlobalSection(ProjectConfigurationPlatforms) = postSolution
		{92B1E191-4795-4F99-8C7E-6EE14DECFFD4}.Debug|Any CPU.ActiveCfg = Debug|x86
		{92B1E191-4795-4F99-8C7E-6EE14DECFFD4}.Debug|x64.ActiveCfg = Debug|x86
		{92B1E191-4795-4F99-8C7E-6EE14DECFFD4}.Debug|x86.ActiveCfg = Debug|x86
		{92B1E191-4795-4F99-8C7E-6EE14DECFFD4}.Debug|x86.Build.0 = Debug|x86
		{92B1E191-4795-4F99-8C7E-6EE14DECFFD4}.Release|Any CPU.ActiveCfg = Release|x86
		{92B1E191-4795-4F99-8C7E-6EE14DECFFD4}.Release|x64.ActiveCfg = Release|x86
		{92B1E191-4795-4F99-8C7E-6EE14DECFFD4}.Release|x86.ActiveCfg = Release|x86
		{92B1E191-4795-4F99-8C7E-6EE14DECFFD4}.Release|x86.Build.0 = Release|x86
		{AC384627-9AFD-4FEB-89A3-DCE55F10165B}.Debug|Any CPU.ActiveCfg = Debug|x86
		{AC384627-9AFD-4FEB-89A3-DCE55F10165B}.Debug|x64.ActiveCfg = Debug|x86
		{AC384627-9AFD-4FEB-89A3-DCE55F10165B}.Debug|x86.ActiveCfg = Debug|x86
		{AC384627-9AFD-4FEB-89A3-DCE55F10165B}.Debug|x86.Build.0 = Debug|x86
		{AC384627-9AFD-4FEB-89A3-DCE55F10165B}.Release|Any CPU.ActiveCfg = Release|x86
		{AC384627-9AFD-4FEB-89A3-DCE55F10165B}.Release|x64.ActiveCfg = Release|x86
		{AC384627-9AFD-4FEB-89A3-DCE55F10165B}.Release|x86.ActiveCfg = Release|x86
		{AC384627-9AFD-4FEB-89A3-DCE55F10165B}.Release|x86.Build.0 = Release|x86
		{558491C5-622C-4439-8F3A-781D9F07BBDA}.Debug|Any CPU.ActiveCfg = Debug|x86
		{558491C5-622C-4439-8F3A-781D9F07BBDA}.Debug|x64.ActiveCfg = Debug|x86
		{558491C5-622C-4439-8F3A-781D9F07BBDA}.Debug|x86.ActiveCfg = Debug|x86
		{558491C5-622C-4439-8F3A-781D9F07BBDA}.Release|Any CPU.ActiveCfg = Release|x86
		{558491C5-622C-4439-8F3A-781D9F07BBDA}.Release|x64.ActiveCfg = Release|x86
		{558491C5-622C-4439-8F3A-781D9F07BBDA}.Release|x86.ActiveCfg = Release|x86
		{C71C6029-C3CF-4B4B-8BFE-F751CCEB83A3}.Debug|Any CPU.ActiveCfg = Debug|x86
		{C71C6029-C3CF-4B4B-8BFE-F751CCEB83A3}.Debug|x64.ActiveCfg = Debug|x86
		{C71C6029-C3CF-4B4B-8BFE-F751CCEB83A3}.Debug|x86.ActiveCfg = Debug|x86
		{C71C6029-C3CF-4B4B-8BFE-F751CCEB83A3}.Debug|x86.Build.0 = Debug|x86
		{C71C6029-C3CF-4B4B-8BFE-F751CCEB83A3}.Release|Any CPU.ActiveCfg = Release|x86
		{C71C6029-C3CF-4B4B-8BFE-F751CCEB83A3}.Release|x64.ActiveCfg = Release|x86
		{C71C6029-C3CF-4B4B-8BFE-F751CCEB83A3}.Release|x86.ActiveCfg = Release|x86
		{C71C6029-C3CF-4B4B-8BFE-F751CCEB83A3}.Release|x86.Build.0 = Release|x86
		{F653DD31-B134-4F1C-846B-5754BD83718C}.Debug|Any CPU.ActiveCfg = Debug|x86
		{F653DD31-B134-4F1C-846B-5754BD83718C}.Debug|x64.ActiveCfg = Debug|x86
		{F653DD31-B134-4F1C-846B-5754BD83718C}.Debug|x86.ActiveCfg = Debug|x86
		{F653DD31-B134-4F1C-846B-5754BD83718C}.Debug|x86.Build.0 = Debug|x86
		{F653DD31-B134-4F1C-846B-5754BD83718C}.Release|Any CPU.ActiveCfg = Release|x86
		{F653DD31-B134-4F1C-846B-5754BD83718C}.Release|x64.ActiveCfg = Release|x86
		{F653DD31-B134-4F1C-846B-5754BD83718C}.Release|x86.ActiveCfg = Release|x86
		{F653DD31-B134-4F1C-846B-5754BD83718C}.Release|x86.Build.0 = Release|x86
		{6310D366-6554-4A02-818C-DA6D9824D664}.Debug|Any CPU.ActiveCfg = Debug|x86
		{6310D366-6554-4A02-818C-DA6D9824D664}.Debug|x64.ActiveCfg = Debug|x86
		{6310D366-6554-4A02-818C-DA6D9824D664}.Debug|x86.ActiveCfg = Debug|x86
		{6310D366-6554-4A02-818C-DA6D9824D664}.Debug|x86.Build.0 = Debug|x86
		{6310D366-6554-4A02-818C-DA6D9824D664}.Release|Any CPU.ActiveCfg = Release|x86
		{6310D366-6554-4A02-818C-DA6D9824D664}.Release|x64.ActiveCfg = Release|x86
		{6310D366-6554-4A02-818C-DA6D9824D664}.Release|x86.ActiveCfg = Release|x86
		{6310D366-6554-4A02-818C-DA6D9824D664}.Release|x86.Build.0 = Release|x86
		{2D5A0344-623A-4BFA-AAB6-8AC64E2A4129}.Debug|Any CPU.ActiveCfg = Debug|Any CPU
		{2D5A0344-623A-4BFA-AAB6-8AC64E2A4129}.Debug|Any CPU.Build.0 = Debug|Any CPU
		{2D5A0344-623A-4BFA-AAB6-8AC64E2A4129}.Debug|x64.ActiveCfg = Debug|x86
		{2D5A0344-623A-4BFA-AAB6-8AC64E2A4129}.Debug|x86.ActiveCfg = Debug|x86
		{2D5A0344-623A-4BFA-AAB6-8AC64E2A4129}.Debug|x86.Build.0 = Debug|x86
		{2D5A0344-623A-4BFA-AAB6-8AC64E2A4129}.Release|Any CPU.ActiveCfg = Release|Any CPU
		{2D5A0344-623A-4BFA-AAB6-8AC64E2A4129}.Release|Any CPU.Build.0 = Release|Any CPU
		{2D5A0344-623A-4BFA-AAB6-8AC64E2A4129}.Release|x64.ActiveCfg = Release|x86
		{2D5A0344-623A-4BFA-AAB6-8AC64E2A4129}.Release|x86.ActiveCfg = Release|x86
		{2D5A0344-623A-4BFA-AAB6-8AC64E2A4129}.Release|x86.Build.0 = Release|x86
		{34853DEA-43A6-4F2F-A379-D1EE04D256D2}.Debug|Any CPU.ActiveCfg = Debug|Any CPU
		{34853DEA-43A6-4F2F-A379-D1EE04D256D2}.Debug|Any CPU.Build.0 = Debug|Any CPU
		{34853DEA-43A6-4F2F-A379-D1EE04D256D2}.Debug|x64.ActiveCfg = Debug|x64
		{34853DEA-43A6-4F2F-A379-D1EE04D256D2}.Debug|x64.Build.0 = Debug|x64
		{34853DEA-43A6-4F2F-A379-D1EE04D256D2}.Debug|x86.ActiveCfg = Debug|x86
		{34853DEA-43A6-4F2F-A379-D1EE04D256D2}.Debug|x86.Build.0 = Debug|x86
		{34853DEA-43A6-4F2F-A379-D1EE04D256D2}.Release|Any CPU.ActiveCfg = Release|Any CPU
		{34853DEA-43A6-4F2F-A379-D1EE04D256D2}.Release|Any CPU.Build.0 = Release|Any CPU
		{34853DEA-43A6-4F2F-A379-D1EE04D256D2}.Release|x64.ActiveCfg = Release|x64
		{34853DEA-43A6-4F2F-A379-D1EE04D256D2}.Release|x64.Build.0 = Release|x64
		{34853DEA-43A6-4F2F-A379-D1EE04D256D2}.Release|x86.ActiveCfg = Release|x86
		{34853DEA-43A6-4F2F-A379-D1EE04D256D2}.Release|x86.Build.0 = Release|x86
		{A7931B1B-6BF4-43C5-B924-6AEB732243BA}.Debug|Any CPU.ActiveCfg = Debug|x86
		{A7931B1B-6BF4-43C5-B924-6AEB732243BA}.Debug|x64.ActiveCfg = Debug|x86
		{A7931B1B-6BF4-43C5-B924-6AEB732243BA}.Debug|x86.ActiveCfg = Debug|x86
		{A7931B1B-6BF4-43C5-B924-6AEB732243BA}.Debug|x86.Build.0 = Debug|x86
		{A7931B1B-6BF4-43C5-B924-6AEB732243BA}.Release|Any CPU.ActiveCfg = Release|x86
		{A7931B1B-6BF4-43C5-B924-6AEB732243BA}.Release|x64.ActiveCfg = Release|x86
		{A7931B1B-6BF4-43C5-B924-6AEB732243BA}.Release|x86.ActiveCfg = Release|x86
		{A7931B1B-6BF4-43C5-B924-6AEB732243BA}.Release|x86.Build.0 = Release|x86
		{C0D52C9F-14B8-4008-8DDC-109C27561A5C}.Debug|Any CPU.ActiveCfg = Debug|Any CPU
		{C0D52C9F-14B8-4008-8DDC-109C27561A5C}.Debug|Any CPU.Build.0 = Debug|Any CPU
		{C0D52C9F-14B8-4008-8DDC-109C27561A5C}.Debug|x64.ActiveCfg = Debug|x64
		{C0D52C9F-14B8-4008-8DDC-109C27561A5C}.Debug|x64.Build.0 = Debug|x64
		{C0D52C9F-14B8-4008-8DDC-109C27561A5C}.Debug|x86.ActiveCfg = Debug|x86
		{C0D52C9F-14B8-4008-8DDC-109C27561A5C}.Debug|x86.Build.0 = Debug|x86
		{C0D52C9F-14B8-4008-8DDC-109C27561A5C}.Release|Any CPU.ActiveCfg = Release|Any CPU
		{C0D52C9F-14B8-4008-8DDC-109C27561A5C}.Release|Any CPU.Build.0 = Release|Any CPU
		{C0D52C9F-14B8-4008-8DDC-109C27561A5C}.Release|x64.ActiveCfg = Release|x64
		{C0D52C9F-14B8-4008-8DDC-109C27561A5C}.Release|x64.Build.0 = Release|x64
		{C0D52C9F-14B8-4008-8DDC-109C27561A5C}.Release|x86.ActiveCfg = Release|x86
		{C0D52C9F-14B8-4008-8DDC-109C27561A5C}.Release|x86.Build.0 = Release|x86
		{BB5BF3E0-DD34-44D4-86FB-F336BB4720CA}.Debug|Any CPU.ActiveCfg = Debug|x86
		{BB5BF3E0-DD34-44D4-86FB-F336BB4720CA}.Debug|x64.ActiveCfg = Debug|x86
		{BB5BF3E0-DD34-44D4-86FB-F336BB4720CA}.Debug|x86.ActiveCfg = Debug|x86
		{BB5BF3E0-DD34-44D4-86FB-F336BB4720CA}.Debug|x86.Build.0 = Debug|x86
		{BB5BF3E0-DD34-44D4-86FB-F336BB4720CA}.Release|Any CPU.ActiveCfg = Release|x86
		{BB5BF3E0-DD34-44D4-86FB-F336BB4720CA}.Release|x64.ActiveCfg = Release|x86
		{BB5BF3E0-DD34-44D4-86FB-F336BB4720CA}.Release|x86.ActiveCfg = Release|x86
		{BB5BF3E0-DD34-44D4-86FB-F336BB4720CA}.Release|x86.Build.0 = Release|x86
	EndGlobalSection
	GlobalSection(SolutionProperties) = preSolution
		HideSolutionNode = FALSE
	EndGlobalSection
EndGlobal
